
Microsoft Visual Studio Solution File, Format Version 12.00
# Visual Studio Version 17
VisualStudioVersion = 17.11.35222.181
MinimumVisualStudioVersion = 10.0.40219.1
Project("{8BC9CEB8-8B4A-11D0-8D11-00A0C91BC942}") = "lab7.2.0", "lab7.2.0\lab7.2.0.vcxproj", "{020C842C-AB2E-4EDD-9611-753AE04605F5}"
EndProject
Project("{8BC9CEB8-8B4A-11D0-8D11-00A0C91BC942}") = "UnitTest1", "UnitTest1\UnitTest1.vcxproj", "{867DE192-C06D-4B97-A878-95C4760C907E}"
EndProject
Global
	GlobalSection(SolutionConfigurationPlatforms) = preSolution
		Debug|x64 = Debug|x64
		Debug|x86 = Debug|x86
		Release|x64 = Release|x64
		Release|x86 = Release|x86
	EndGlobalSection
	GlobalSection(ProjectConfigurationPlatforms) = postSolution
		{020C842C-AB2E-4EDD-9611-753AE04605F5}.Debug|x64.ActiveCfg = Debug|x64
		{020C842C-AB2E-4EDD-9611-753AE04605F5}.Debug|x64.Build.0 = Debug|x64
		{020C842C-AB2E-4EDD-9611-753AE04605F5}.Debug|x86.ActiveCfg = Debug|Win32
		{020C842C-AB2E-4EDD-9611-753AE04605F5}.Debug|x86.Build.0 = Debug|Win32
		{020C842C-AB2E-4EDD-9611-753AE04605F5}.Release|x64.ActiveCfg = Release|x64
		{020C842C-AB2E-4EDD-9611-753AE04605F5}.Release|x64.Build.0 = Release|x64
		{020C842C-AB2E-4EDD-9611-753AE04605F5}.Release|x86.ActiveCfg = Release|Win32
		{020C842C-AB2E-4EDD-9611-753AE04605F5}.Release|x86.Build.0 = Release|Win32
		{867DE192-C06D-4B97-A878-95C4760C907E}.Debug|x64.ActiveCfg = Debug|x64
		{867DE192-C06D-4B97-A878-95C4760C907E}.Debug|x64.Build.0 = Debug|x64
		{867DE192-C06D-4B97-A878-95C4760C907E}.Debug|x86.ActiveCfg = Debug|Win32
		{867DE192-C06D-4B97-A878-95C4760C907E}.Debug|x86.Build.0 = Debug|Win32
		{867DE192-C06D-4B97-A878-95C4760C907E}.Release|x64.ActiveCfg = Release|x64
		{867DE192-C06D-4B97-A878-95C4760C907E}.Release|x64.Build.0 = Release|x64
		{867DE192-C06D-4B97-A878-95C4760C907E}.Release|x86.ActiveCfg = Release|Win32
		{867DE192-C06D-4B97-A878-95C4760C907E}.Release|x86.Build.0 = Release|Win32
	EndGlobalSection
	GlobalSection(SolutionProperties) = preSolution
		HideSolutionNode = FALSE
	EndGlobalSection
	GlobalSection(ExtensibilityGlobals) = postSolution
		SolutionGuid = {5D677037-53A7-4AA3-A334-7663A8A24F32}
	EndGlobalSection
EndGlobal
